
Microsoft Visual Studio Solution File, Format Version 12.00
# Visual Studio Version 17
VisualStudioVersion = 17.1.32210.238
MinimumVisualStudioVersion = 10.0.40219.1
Project("{FAE04EC0-301F-11D3-BF4B-00C04F79EFBC}") = "JURNAL MOD2", "JURNAL MOD2\JURNAL MOD2.csproj", "{F79A99F1-24BF-43CC-8CAC-5EB495CEA52E}"
EndProject
Global
	GlobalSection(SolutionConfigurationPlatforms) = preSolution
		Debug|Any CPU = Debug|Any CPU
		Release|Any CPU = Release|Any CPU
	EndGlobalSection
	GlobalSection(ProjectConfigurationPlatforms) = postSolution
		{F79A99F1-24BF-43CC-8CAC-5EB495CEA52E}.Debug|Any CPU.ActiveCfg = Debug|Any CPU
		{F79A99F1-24BF-43CC-8CAC-5EB495CEA52E}.Debug|Any CPU.Build.0 = Debug|Any CPU
		{F79A99F1-24BF-43CC-8CAC-5EB495CEA52E}.Release|Any CPU.ActiveCfg = Release|Any CPU
		{F79A99F1-24BF-43CC-8CAC-5EB495CEA52E}.Release|Any CPU.Build.0 = Release|Any CPU
	EndGlobalSection
	GlobalSection(SolutionProperties) = preSolution
		HideSolutionNode = FALSE
	EndGlobalSection
	GlobalSection(ExtensibilityGlobals) = postSolution
		SolutionGuid = {9221CA9D-95DC-48C4-912F-D04B4145CFC8}
	EndGlobalSection
EndGlobal
